Microsoft Visual Studio Solution File, Format Version 11.00
# Visual Studio 2010
Project("{FAE04EC0-301F-11D3-BF4B-00C04F79EFBC}") = "Assembly-CSharp", "Assembly-CSharp.csproj", "{79E11BD3-EEB7-D366-0C34-6A91507367B1}"
EndProject
Project("{FAE04EC0-301F-11D3-BF4B-00C04F79EFBC}") = "Assembly-CSharp-Editor", "Assembly-CSharp-Editor.csproj", "{B25EA47E-7C2C-2809-6D15-DCFA1FF8DE5C}"
EndProject
Global
	GlobalSection(SolutionConfigurationPlatforms) = preSolution
		Debug|Any CPU = Debug|Any CPU
		Release|Any CPU = Release|Any CPU
	EndGlobalSection
	GlobalSection(ProjectConfigurationPlatforms) = postSolution
		{79E11BD3-EEB7-D366-0C34-6A91507367B1}.Debug|Any CPU.ActiveCfg = Debug|Any CPU
		{79E11BD3-EEB7-D366-0C34-6A91507367B1}.Debug|Any CPU.Build.0 = Debug|Any CPU
		{79E11BD3-EEB7-D366-0C34-6A91507367B1}.Release|Any CPU.ActiveCfg = Release|Any CPU
		{79E11BD3-EEB7-D366-0C34-6A91507367B1}.Release|Any CPU.Build.0 = Release|Any CPU
		{B25EA47E-7C2C-2809-6D15-DCFA1FF8DE5C}.Debug|Any CPU.ActiveCfg = Debug|Any CPU
		{B25EA47E-7C2C-2809-6D15-DCFA1FF8DE5C}.Debug|Any CPU.Build.0 = Debug|Any CPU
		{B25EA47E-7C2C-2809-6D15-DCFA1FF8DE5C}.Release|Any CPU.ActiveCfg = Release|Any CPU
		{B25EA47E-7C2C-2809-6D15-DCFA1FF8DE5C}.Release|Any CPU.Build.0 = Release|Any CPU
	EndGlobalSection
	GlobalSection(SolutionProperties) = preSolution
		HideSolutionNode = FALSE
	EndGlobalSection
EndGlobal
